
Microsoft Visual Studio Solution File, Format Version 12.00
# Visual Studio Version 17
VisualStudioVersion = 17.14.36908.2 d17.14
MinimumVisualStudioVersion = 10.0.40219.1
Project("{FAE04EC0-301F-11D3-BF4B-00C04F79EFBC}") = "TDWA07-01", "TDWA07-01\TDWA07-01.csproj", "{5FC87C76-CE8A-4374-9155-64FF911856DF}"
EndProject
Global
	GlobalSection(SolutionConfigurationPlatforms) = preSolution
		Debug|Any CPU = Debug|Any CPU
		Release|Any CPU = Release|Any CPU
	EndGlobalSection
	GlobalSection(ProjectConfigurationPlatforms) = postSolution
		{5FC87C76-CE8A-4374-9155-64FF911856DF}.Debug|Any CPU.ActiveCfg = Debug|Any CPU
		{5FC87C76-CE8A-4374-9155-64FF911856DF}.Debug|Any CPU.Build.0 = Debug|Any CPU
		{5FC87C76-CE8A-4374-9155-64FF911856DF}.Release|Any CPU.ActiveCfg = Release|Any CPU
		{5FC87C76-CE8A-4374-9155-64FF911856DF}.Release|Any CPU.Build.0 = Release|Any CPU
	EndGlobalSection
	GlobalSection(SolutionProperties) = preSolution
		HideSolutionNode = FALSE
	EndGlobalSection
	GlobalSection(ExtensibilityGlobals) = postSolution
		SolutionGuid = {4F6C5304-28BB-4308-A7E9-E1CBCB1EAA30}
	EndGlobalSection
EndGlobal
